
Microsoft Visual Studio Solution File, Format Version 12.00
# Visual Studio Version 17
VisualStudioVersion = 17.8.34309.116
MinimumVisualStudioVersion = 10.0.40219.1
Project("{9A19103F-16F7-4668-BE54-9A1E7A4F7556}") = "AcademicSysrem", "AcademicSysrem\AcademicSysrem.csproj", "{FC36B621-E860-4A96-9918-F93CE29C3148}"
EndProject
Global
	GlobalSection(SolutionConfigurationPlatforms) = preSolution
		Debug|Any CPU = Debug|Any CPU
		Release|Any CPU = Release|Any CPU
	EndGlobalSection
	GlobalSection(ProjectConfigurationPlatforms) = postSolution
		{FC36B621-E860-4A96-9918-F93CE29C3148}.Debug|Any CPU.ActiveCfg = Debug|Any CPU
		{FC36B621-E860-4A96-9918-F93CE29C3148}.Debug|Any CPU.Build.0 = Debug|Any CPU
		{FC36B621-E860-4A96-9918-F93CE29C3148}.Release|Any CPU.ActiveCfg = Release|Any CPU
		{FC36B621-E860-4A96-9918-F93CE29C3148}.Release|Any CPU.Build.0 = Release|Any CPU
	EndGlobalSection
	GlobalSection(SolutionProperties) = preSolution
		HideSolutionNode = FALSE
	EndGlobalSection
	GlobalSection(ExtensibilityGlobals) = postSolution
		SolutionGuid = {6D76E7C7-8895-4EE5-903C-CD29E07C4817}
	EndGlobalSection
EndGlobal
